
Microsoft Visual Studio Solution File, Format Version 12.00
# Visual Studio Version 16
VisualStudioVersion = 16.0.29709.97
MinimumVisualStudioVersion = 10.0.40219.1
Project("{FAE04EC0-301F-11D3-BF4B-00C04F79EFBC}") = "Module3_Challenge", "Module3_Challenge\Module3_Challenge.csproj", "{248F16BF-B31A-4911-8247-17959FDA909A}"
EndProject
Global
	GlobalSection(SolutionConfigurationPlatforms) = preSolution
		Debug|Any CPU = Debug|Any CPU
		Release|Any CPU = Release|Any CPU
	EndGlobalSection
	GlobalSection(ProjectConfigurationPlatforms) = postSolution
		{248F16BF-B31A-4911-8247-17959FDA909A}.Debug|Any CPU.ActiveCfg = Debug|Any CPU
		{248F16BF-B31A-4911-8247-17959FDA909A}.Debug|Any CPU.Build.0 = Debug|Any CPU
		{248F16BF-B31A-4911-8247-17959FDA909A}.Release|Any CPU.ActiveCfg = Release|Any CPU
		{248F16BF-B31A-4911-8247-17959FDA909A}.Release|Any CPU.Build.0 = Release|Any CPU
	EndGlobalSection
	GlobalSection(SolutionProperties) = preSolution
		HideSolutionNode = FALSE
	EndGlobalSection
	GlobalSection(ExtensibilityGlobals) = postSolution
		SolutionGuid = {7460640F-D64B-4C8E-964F-825403FCA466}
	EndGlobalSection
EndGlobal
